# This file may be used to create an environment using:
# $ conda create --name <env> --file <this file>
# platform: osx-64
# created-by: conda 24.11.1
@EXPLICIT
https://repo.anaconda.com/pkgs/main/osx-64/bzip2-1.0.8-h6c40b1e_6.conda
https://repo.anaconda.com/pkgs/main/osx-64/ca-certificates-2025.7.15-hecd8cb5_0.conda
https://repo.anaconda.com/pkgs/main/osx-64/dav1d-1.2.1-h6c40b1e_0.conda
https://repo.anaconda.com/pkgs/main/osx-64/giflib-5.2.2-h46256e1_0.conda
https://repo.anaconda.com/pkgs/main/osx-64/libcxx-19.1.7-haebbb44_3.conda
https://conda.anaconda.org/conda-forge/osx-64/libdeflate-1.24-hcc1b750_0.conda
https://conda.anaconda.org/conda-forge/osx-64/libexpat-2.7.1-h21dd04a_0.conda
https://repo.anaconda.com/pkgs/main/osx-64/libffi-3.4.4-hecd8cb5_1.conda
https://repo.anaconda.com/pkgs/main/osx-64/libjpeg-turbo-3.1.1-hc8b0dd6_0.conda
https://conda.anaconda.org/conda-forge/osx-64/liblzma-5.8.1-hd471939_2.conda
https://repo.anaconda.com/pkgs/main/osx-64/libmpdec-4.0.0-h46256e1_0.conda
https://conda.anaconda.org/conda-forge/osx-64/libuv-1.51.0-h58003a5_1.conda
https://conda.anaconda.org/conda-forge/osx-64/libwebp-base-1.6.0-hb807250_0.conda
https://conda.anaconda.org/conda-forge/osx-64/libzlib-1.3.1-hd23fc13_2.conda
https://repo.anaconda.com/pkgs/main/osx-64/llvm-openmp-19.1.7-h5048363_2.conda
https://repo.anaconda.com/pkgs/main/osx-64/ncurses-6.5-h923df54_0.conda
https://repo.anaconda.com/pkgs/main/osx-64/pthread-stubs-0.3-hdd91f34_1.conda
https://repo.anaconda.com/pkgs/main/osx-64/python_abi-3.13-0_cp313.conda
https://conda.anaconda.org/conda-forge/osx-64/rav1e-0.7.1-h371c88c_3.conda
https://repo.anaconda.com/pkgs/main/noarch/tzdata-2025b-h04d1e81_0.conda
https://repo.anaconda.com/pkgs/main/osx-64/xorg-libxau-1.0.12-h07e4dd9_0.conda
https://repo.anaconda.com/pkgs/main/osx-64/xorg-libxdmcp-1.1.5-h07e4dd9_0.conda
https://conda.anaconda.org/conda-forge/osx-64/aom-3.9.1-hf036a51_0.conda
https://repo.anaconda.com/pkgs/main/osx-64/expat-2.7.1-h6d0c2b6_0.conda
https://repo.anaconda.com/pkgs/main/osx-64/gmp-6.3.0-h6d0c2b6_0.conda
https://repo.anaconda.com/pkgs/main/osx-64/lerc-4.0.0-h6d0c2b6_0.conda
https://conda.anaconda.org/conda-forge/osx-64/libabseil-20250512.1-cxx17_hfc00f1c_0.conda
https://conda.anaconda.org/conda-forge/osx-64/libde265-1.0.15-h7728843_0.conda
https://repo.anaconda.com/pkgs/main/osx-64/libedit-3.1.20230828-h6c40b1e_0.conda
https://conda.anaconda.org/conda-forge/osx-64/liblzma-devel-5.8.1-hd471939_2.conda
https://conda.anaconda.org/conda-forge/osx-64/libpng-1.6.50-h84aeda2_1.conda
https://conda.anaconda.org/conda-forge/osx-64/libsqlite-3.50.4-h39a8b3b_0.conda
https://repo.anaconda.com/pkgs/main/osx-64/libxcb-1.17.0-h07e4dd9_0.conda
https://conda.anaconda.org/conda-forge/osx-64/openssl-3.5.2-h6e31bce_0.conda
https://repo.anaconda.com/pkgs/main/osx-64/readline-8.3-h49f2429_0.conda
https://conda.anaconda.org/conda-forge/osx-64/sleef-3.9.0-h289094c_0.conda
https://conda.anaconda.org/conda-forge/osx-64/svt-av1-3.1.2-h21dd04a_0.conda
https://repo.anaconda.com/pkgs/main/osx-64/tbb-2021.8.0-ha357a0b_0.conda
https://conda.anaconda.org/conda-forge/osx-64/tk-8.6.13-hf689a15_2.conda
https://conda.anaconda.org/conda-forge/osx-64/x265-3.5-hbb4e6a2_3.tar.bz2
https://conda.anaconda.org/conda-forge/osx-64/xz-gpl-tools-5.8.1-h357f2ed_2.conda
https://conda.anaconda.org/conda-forge/osx-64/xz-tools-5.8.1-hd471939_2.conda
https://conda.anaconda.org/conda-forge/osx-64/zlib-1.3.1-hd23fc13_2.conda
https://conda.anaconda.org/conda-forge/osx-64/zstd-1.5.7-h8210216_2.conda
https://conda.anaconda.org/conda-forge/osx-64/libavif16-1.3.0-h1c10324_2.conda
https://conda.anaconda.org/conda-forge/osx-64/libfreetype6-2.13.3-h40dfd5c_1.conda
https://conda.anaconda.org/conda-forge/osx-64/libprotobuf-6.31.1-h6e993e7_1.conda
https://conda.anaconda.org/conda-forge/osx-64/libtiff-4.7.0-h59ddb5d_6.conda
https://conda.anaconda.org/conda-forge/osx-64/mkl-2023.2.0-h54c2260_50500.conda
https://repo.anaconda.com/pkgs/main/osx-64/mpfr-4.2.1-h46256e1_0.conda
https://conda.anaconda.org/conda-forge/osx-64/python-3.13.2-h534c281_101_cp313.conda
https://repo.anaconda.com/pkgs/main/osx-64/sqlite-3.22.0-h3efe00b_0.conda
https://conda.anaconda.org/conda-forge/osx-64/xz-5.8.1-h357f2ed_2.conda
https://repo.anaconda.com/pkgs/main/osx-64/filelock-3.17.0-py313hecd8cb5_0.conda
https://repo.anaconda.com/pkgs/main/osx-64/fsspec-2025.7.0-py313h653c010_0.conda
https://conda.anaconda.org/conda-forge/osx-64/lcms2-2.17-h72f5680_0.conda
https://conda.anaconda.org/conda-forge/osx-64/libblas-3.9.0-20_osx64_mkl.conda
https://conda.anaconda.org/conda-forge/osx-64/libfreetype-2.13.3-h694c41f_1.conda
https://conda.anaconda.org/conda-forge/osx-64/libheif-1.19.7-gpl_h95ec88c_100.conda
https://repo.anaconda.com/pkgs/main/osx-64/markupsafe-3.0.2-py313h46256e1_0.conda
https://repo.anaconda.com/pkgs/main/osx-64/mpc-1.3.1-h46256e1_0.conda
https://repo.anaconda.com/pkgs/main/osx-64/mpmath-1.3.0-py313hecd8cb5_0.conda
https://repo.anaconda.com/pkgs/main/osx-64/networkx-3.4.2-py313hecd8cb5_0.conda
https://conda.anaconda.org/conda-forge/osx-64/openjpeg-2.5.3-h036ada5_1.conda
https://repo.anaconda.com/pkgs/main/osx-64/pybind11-global-2.13.6-py313h1962661_1.conda
https://repo.anaconda.com/pkgs/main/osx-64/setuptools-78.1.1-py313hecd8cb5_0.conda
https://repo.anaconda.com/pkgs/main/osx-64/typing_extensions-4.12.2-py313hecd8cb5_0.conda
https://repo.anaconda.com/pkgs/main/osx-64/wheel-0.45.1-py313hecd8cb5_0.conda
https://repo.anaconda.com/pkgs/main/osx-64/gmpy2-2.2.1-py313h2cec913_0.conda
https://repo.anaconda.com/pkgs/main/osx-64/jinja2-3.1.6-py313hecd8cb5_0.conda
https://conda.anaconda.org/conda-forge/osx-64/libcblas-3.9.0-20_osx64_mkl.conda
https://conda.anaconda.org/conda-forge/osx-64/liblapack-3.9.0-20_osx64_mkl.conda
https://conda.anaconda.org/conda-forge/osx-64/pillow-11.3.0-py313h0c4f865_0.conda
https://repo.anaconda.com/pkgs/main/noarch/pip-25.1-pyhc872135_2.conda
https://repo.anaconda.com/pkgs/main/osx-64/pybind11-2.13.6-py313h1962661_1.conda
https://repo.anaconda.com/pkgs/main/osx-64/typing-extensions-4.12.2-py313hecd8cb5_0.conda
https://conda.anaconda.org/conda-forge/osx-64/numpy-2.3.2-py313h333cfc4_1.conda
https://repo.anaconda.com/pkgs/main/osx-64/optree-0.14.1-py313h1962661_0.conda
https://repo.anaconda.com/pkgs/main/osx-64/sympy-1.13.3-py313hecd8cb5_1.conda
https://conda.anaconda.org/conda-forge/osx-64/libtorch-2.7.1-cpu_mkl_h715f903_104.conda
https://conda.anaconda.org/conda-forge/osx-64/pytorch-2.7.1-cpu_mkl_py313_h8a4b8bc_104.conda
https://conda.anaconda.org/conda-forge/osx-64/torchvision-extra-decoders-0.0.2-py313h3093996_3.conda
https://conda.anaconda.org/conda-forge/osx-64/torchvision-0.22.0-cpu_py313_h4b2a12b_2.conda
